// !$*UTF8*$!
{
	archiveVersion = 1;
	classes = {
	};
	objectVersion = 46;
	objects = {

/* Begin PBXBuildFile section */
		71BFBFB31FBA5BD900EEBF4F /* AppDelegate.swift in Sources */ = {isa = PBXBuildFile; fileRef = 71BFBFB21FBA5BD900EEBF4F /* AppDelegate.swift */; };
		71BFBFB51FBA5BD900EEBF4F /* ViewController.swift in Sources */ = {isa = PBXBuildFile; fileRef = 71BFBFB41FBA5BD900EEBF4F /* ViewController.swift */; };
		71BFBFB81FBA5BD900EEBF4F /* Main.storyboard in Resources */ = {isa = PBXBuildFile; fileRef = 71BFBFB61FBA5BD900EEBF4F /* Main.storyboard */; };
		71BFBFBA1FBA5BD900EEBF4F /* Assets.xcassets in Resources */ = {isa = PBXBuildFile; fileRef = 71BFBFB91FBA5BD900EEBF4F /* Assets.xcassets */; };
		71BFBFBD1FBA5BD900EEBF4F /* LaunchScreen.storyboard in Resources */ = {isa = PBXBuildFile; fileRef = 71BFBFBB1FBA5BD900EEBF4F /* LaunchScreen.storyboard */; };
/* End PBXBuildFile section */

/* Begin PBXFileReference section */
		71BFBFAF1FBA5BD900EEBF4F /* TrafficSegues.app */ = {isa = PBXFileReference; explicitFileType = wrapper.application; includeInIndex = 0; path = TrafficSegues.app; sourceTree = BUILT_PRODUCTS_DIR; };
		71BFBFB21FBA5BD900EEBF4F /* AppDelegate.swift */ = {isa = PBXFileReference; lastKnownFileType = sourcecode.swift; path = AppDelegate.swift; sourceTree = "<group>"; };
		71BFBFB41FBA5BD900EEBF4F /* ViewController.swift */ = {isa = PBXFileReference; lastKnownFileType = sourcecode.swift; path = ViewController.swift; sourceTree = "<group>"; };
		71BFBFB71FBA5BD900EEBF4F /* Base */ = {isa = PBXFileReference; lastKnownFileType = file.storyboard; name = Base; path = Base.lproj/Main.storyboard; sourceTree = "<group>"; };
		71BFBFB91FBA5BD900EEBF4F /* Assets.xcassets */ = {isa = PBXFileReference; lastKnownFileType = folder.assetcatalog; path = Assets.xcassets; sourceTree = "<group>"; };
		71BFBFBC1FBA5BD900EEBF4F /* Base */ = {isa = PBXFileReference; lastKnownFileType = file.storyboard; name = Base; path = Base.lproj/LaunchScreen.storyboard; sourceTree = "<group>"; };
		71BFBFBE1FBA5BD900EEBF4F /* Info.plist */ = {isa = PBXFileReference; lastKnownFileType = text.plist.xml; path = Info.plist; sourceTree = "<group>"; };
/* End PBXFileReference section */

/* Begin PBXFrameworksBuildPhase section */
		71BFBFAC1FBA5BD900EEBF4F /* Frameworks */ = {
			isa = PBXFrameworksBuildPhase;
			buildActionMask = 2147483647;
			files = (
			);
			runOnlyForDeploymentPostprocessing = 0;
		};
/* End PBXFrameworksBuildPhase section */

/* Begin PBXGroup section */
		71BFBFA61FBA5BD900EEBF4F = {
			isa = PBXGroup;
			children = (
				71BFBFB11FBA5BD900EEBF4F /* TrafficSegues */,
				71BFBFB01FBA5BD900EEBF4F /* Products */,
			);
			sourceTree = "<group>";
		};
		71BFBFB01FBA5BD900EEBF4F /* Products */ = {
			isa = PBXGroup;
			children = (
				71BFBFAF1FBA5BD900EEBF4F /* TrafficSegues.app */,
			);
			name = Products;
			sourceTree = "<group>";
		};
		71BFBFB11FBA5BD900EEBF4F /* TrafficSegues */ = {
			isa = PBXGroup;
			children = (
				71BFBFB21FBA5BD900EEBF4F /* AppDelegate.swift */,
				71BFBFB41FBA5BD900EEBF4F /* ViewController.swift */,
				71BFBFB61FBA5BD900EEBF4F /* Main.storyboard */,
				71BFBFB91FBA5BD900EEBF4F /* Assets.xcassets */,
				71BFBFBB1FBA5BD900EEBF4F /* LaunchScreen.storyboard */,
				71BFBFBE1FBA5BD900EEBF4F /* Info.plist */,
			);
			path = TrafficSegues;
			sourceTree = "<group>";
		};
/* End PBXGroup section */

/* Begin PBXNativeTarget section */
		71BFBFAE1FBA5BD900EEBF4F /* TrafficSegues */ = {
			isa = PBXNativeTarget;
			buildConfigurationList = 71BFBFC11FBA5BD900EEBF4F /* Build configuration list for PBXNativeTarget "TrafficSegues" */;
			buildPhases = (
				71BFBFAB1FBA5BD900EEBF4F /* Sources */,
				71BFBFAC1FBA5BD900EEBF4F /* Frameworks */,
				71BFBFAD1FBA5BD900EEBF4F /* Resources */,
			);
			buildRules = (
			);
			dependencies = (
			);
			name = TrafficSegues;
			productName = TrafficSegues;
			productReference = 71BFBFAF1FBA5BD900EEBF4F /* TrafficSegues.app */;
			productType = "com.apple.product-type.application";
		};
/* End PBXNativeTarget section */

/* Begin PBXProject section */
		71BFBFA71FBA5BD900EEBF4F /* Project object */ = {
			isa = PBXProject;
			attributes = {
				LastSwiftUpdateCheck = 0820;
				LastUpgradeCheck = 0820;
				ORGANIZATIONNAME = martynov;
				TargetAttributes = {
					71BFBFAE1FBA5BD900EEBF4F = {
						CreatedOnToolsVersion = 8.2.1;
						DevelopmentTeam = 7YPNN524J3;
						ProvisioningStyle = Automatic;
					};
				};
			};
			buildConfigurationList = 71BFBFAA1FBA5BD900EEBF4F /* Build configuration list for PBXProject "TrafficSegues" */;
			compatibilityVersion = "Xcode 3.2";
			developmentRegion = English;
			hasScannedForEncodings = 0;
			knownRegions = (
				en,
				Base,
			);
			mainGroup = 71BFBFA61FBA5BD900EEBF4F;
			productRefGroup = 71BFBFB01FBA5BD900EEBF4F /* Products */;
			projectDirPath = "";
			projectRoot = "";
			targets = (
				71BFBFAE1FBA5BD900EEBF4F /* TrafficSegues */,
			);
		};
/* End PBXProject section */

/* Begin PBXResourcesBuildPhase section */
		71BFBFAD1FBA5BD900EEBF4F /* Resources */ = {
			isa = PBXResourcesBuildPhase;
			buildActionMask = 2147483647;
			files = (
				71BFBFBD1FBA5BD900EEBF4F /* LaunchScreen.storyboard in Resources */,
				71BFBFBA1FBA5BD900EEBF4F /* Assets.xcassets in Resources */,
				71BFBFB81FBA5BD900EEBF4F /* Main.storyboard in Resources */,
			);
			runOnlyForDeploymentPostprocessing = 0;
		};
/* End PBXResourcesBuildPhase section */

/* Begin PBXSourcesBuildPhase section */
		71BFBFAB1FBA5BD900EEBF4F /* Sources */ = {
			isa = PBXSourcesBuildPhase;
			buildActionMask = 2147483647;
			files = (
				71BFBFB51FBA5BD900EEBF4F /* ViewController.swift in Sources */,
				71BFBFB31FBA5BD900EEBF4F /* AppDelegate.swift in Sources */,
			);
			runOnlyForDeploymentPostprocessing = 0;
		};
/* End PBXSourcesBuildPhase section */

/* Begin PBXVariantGroup section */
		71BFBFB61FBA5BD900EEBF4F /* Main.storyboard */ = {
			isa = PBXVariantGroup;
			children = (
				71BFBFB71FBA5BD900EEBF4F /* Base */,
			);
			name = Main.storyboard;
			sourceTree = "<group>";
		};
		71BFBFBB1FBA5BD900EEBF4F /* LaunchScreen.storyboard */ = {
			isa = PBXVariantGroup;
			children = (
				71BFBFBC1FBA5BD900EEBF4F /* Base */,
			);
			name = LaunchScreen.storyboard;
			sourceTree = "<group>";
		};
/* End PBXVariantGroup section */

/* Begin XCBuildConfiguration section */
		71BFBFBF1FBA5BD900EEBF4F /* Debug */ = {
			isa = XCBuildConfiguration;
			buildSettings = {
				ALWAYS_SEARCH_USER_PATHS = NO;
				CLANG_ANALYZER_NONNULL = YES;
				CLANG_CXX_LANGUAGE_STANDARD = "gnu++0x";
				CLANG_CXX_LIBRARY = "libc++";
				CLANG_ENABLE_MODULES = YES;
				CLANG_ENABLE_OBJC_ARC = YES;
				CLANG_WARN_BOOL_CONVERSION = YES;
				CLANG_WARN_CONSTANT_CONVERSION = YES;
				CLANG_WARN_DIRECT_OBJC_ISA_USAGE = YES_ERROR;
				CLANG_WARN_DOCUMENTATION_COMMENTS = YES;
				CLANG_WARN_EMPTY_BODY = YES;
				CLANG_WARN_ENUM_CONVERSION = YES;
				CLANG_WARN_INFINITE_RECURSION = YES;
				CLANG_WARN_INT_CONVERSION = YES;
				CLANG_WARN_OBJC_ROOT_CLASS = YES_ERROR;
				CLANG_WARN_SUSPICIOUS_MOVE = YES;
				CLANG_WARN_UNREACHABLE_CODE = YES;
				CLANG_WARN__DUPLICATE_METHOD_MATCH = YES;
				"CODE_SIGN_IDENTITY[sdk=iphoneos*]" = "iPhone Developer";
				COPY_PHASE_STRIP = NO;
				DEBUG_INFORMATION_FORMAT = dwarf;
				ENABLE_STRICT_OBJC_MSGSEND = YES;
				ENABLE_TESTABILITY = YES;
				GCC_C_LANGUAGE_STANDARD = gnu99;
				GCC_DYNAMIC_NO_PIC = NO;
				GCC_NO_COMMON_BLOCKS = YES;
				GCC_OPTIMIZATION_LEVEL = 0;
				GCC_PREPROCESSOR_DEFINITIONS = (
					"DEBUG=1",
					"$(inherited)",
				);
				GCC_WARN_64_TO_32_BIT_CONVERSION = YES;
				GCC_WARN_ABOUT_RETURN_TYPE = YES_ERROR;
				GCC_WARN_UNDECLARED_SELECTOR = YES;
				GCC_WARN_UNINITIALIZED_AUTOS = YES_AGGRESSIVE;
				GCC_WARN_UNUSED_FUNCTION = YES;
				GCC_WARN_UNUSED_VARIABLE = YES;
				IPHONEOS_DEPLOYMENT_TARGET = 10.2;
				MTL_ENABLE_DEBUG_INFO = YES;
				ONLY_ACTIVE_ARCH = YES;
				SDKROOT = iphoneos;
				SWIFT_ACTIVE_COMPILATION_CONDITIONS = DEBUG;
				SWIFT_OPTIMIZATION_LEVEL = "-Onone";
				TARGETED_DEVICE_FAMILY = 2;
			};
			name = Debug;
		};
		71BFBFC01FBA5BD900EEBF4F /* Release */ = {
			isa = XCBuildConfiguration;
			buildSettings = {
				ALWAYS_SEARCH_USER_PATHS = NO;
				CLANG_ANALYZER_NONNULL = YES;
				CLANG_CXX_LANGUAGE_STANDARD = "gnu++0x";
				CLANG_CXX_LIBRARY = "libc++";
				CLANG_ENABLE_MODULES = YES;
				CLANG_ENABLE_OBJC_ARC = YES;
				CLANG_WARN_BOOL_CONVERSION = YES;
				CLANG_WARN_CONSTANT_CONVERSION = YES;
				CLANG_WARN_DIRECT_OBJC_ISA_USAGE = YES_ERROR;
				CLANG_WARN_DOCUMENTATION_COMMENTS = YES;
				CLANG_WARN_EMPTY_BODY = YES;
				CLANG_WARN_ENUM_CONVERSION = YES;
				CLANG_WARN_INFINITE_RECURSION = YES;
				CLANG_WARN_INT_CONVERSION = YES;
				CLANG_WARN_OBJC_ROOT_CLASS = YES_ERROR;
				CLANG_WARN_SUSPICIOUS_MOVE = YES;
				CLANG_WARN_UNREACHABLE_CODE = YES;
				CLANG_WARN__DUPLICATE_METHOD_MATCH = YES;
				"CODE_SIGN_IDENTITY[sdk=iphoneos*]" = "iPhone Developer";
				COPY_PHASE_STRIP = NO;
				DEBUG_INFORMATION_FORMAT = "dwarf-with-dsym";
				ENABLE_NS_ASSERTIONS = NO;
				ENABLE_STRICT_OBJC_MSGSEND = YES;
				GCC_C_LANGUAGE_STANDARD = gnu99;
				GCC_NO_COMMON_BLOCKS = YES;
				GCC_WARN_64_TO_32_BIT_CONVERSION = YES;
				GCC_WARN_ABOUT_RETURN_TYPE = YES_ERROR;
				GCC_WARN_UNDECLARED_SELECTOR = YES;
				GCC_WARN_UNINITIALIZED_AUTOS = YES_AGGRESSIVE;
				GCC_WARN_UNUSED_FUNCTION = YES;
				GCC_WARN_UNUSED_VARIABLE = YES;
				IPHONEOS_DEPLOYMENT_TARGET = 10.2;
				MTL_ENABLE_DEBUG_INFO = NO;
				SDKROOT = iphoneos;
				SWIFT_OPTIMIZATION_LEVEL = "-Owholemodule";
				TARGETED_DEVICE_FAMILY = 2;
				VALIDATE_PRODUCT = YES;
			};
			name = Release;
		};
		71BFBFC21FBA5BD900EEBF4F /* Debug */ = {
			isa = XCBuildConfiguration;
			buildSettings = {
				ASSETCATALOG_COMPILER_APPICON_NAME = AppIcon;
				DEVELOPMENT_TEAM = 7YPNN524J3;
				INFOPLIST_FILE = TrafficSegues/Info.plist;
				LD_RUNPATH_SEARCH_PATHS = "$(inherited) @executable_path/Frameworks";
				PRODUCT_BUNDLE_IDENTIFIER = com.example.TrafficSegues;
				PRODUCT_NAME = "$(TARGET_NAME)";
				SWIFT_VERSION = 3.0;
			};
			name = Debug;
		};
		71BFBFC31FBA5BD900EEBF4F /* Release */ = {
			isa = XCBuildConfiguration;
			buildSettings = {
				ASSETCATALOG_COMPILER_APPICON_NAME = AppIcon;
				DEVELOPMENT_TEAM = 7YPNN524J3;
				INFOPLIST_FILE = TrafficSegues/Info.plist;
				LD_RUNPATH_SEARCH_PATHS = "$(inherited) @executable_path/Frameworks";
				PRODUCT_BUNDLE_IDENTIFIER = com.example.TrafficSegues;
				PRODUCT_NAME = "$(TARGET_NAME)";
				SWIFT_VERSION = 3.0;
			};
			name = Release;
		};
/* End XCBuildConfiguration section */

/* Begin XCConfigurationList section */
		71BFBFAA1FBA5BD900EEBF4F /* Build configuration list for PBXProject "TrafficSegues" */ = {
			isa = XCConfigurationList;
			buildConfigurations = (
				71BFBFBF1FBA5BD900EEBF4F /* Debug */,
				71BFBFC01FBA5BD900EEBF4F /* Release */,
			);
			defaultConfigurationIsVisible = 0;
			defaultConfigurationName = Release;
		};
		71BFBFC11FBA5BD900EEBF4F /* Build configuration list for PBXNativeTarget "TrafficSegues" */ = {
			isa = XCConfigurationList;
			buildConfigurations = (
				71BFBFC21FBA5BD900EEBF4F /* Debug */,
				71BFBFC31FBA5BD900EEBF4F /* Release */,
			);
			defaultConfigurationIsVisible = 0;
		};
/* End XCConfigurationList section */
	};
	rootObject = 71BFBFA71FBA5BD900EEBF4F /* Project object */;
}
